// !$*UTF8*$!
{
	archiveVersion = 1;
	classes = {
	};
	objectVersion = 50;
	objects = {

/* Begin PBXBuildFile section */
		EE44CF55234D81D00023BF88 /* AppDelegate.m in Sources */ = {isa = PBXBuildFile; fileRef = EE44CF54234D81D00023BF88 /* AppDelegate.m */; };
		EE44CF58234D81D00023BF88 /* ViewController.m in Sources */ = {isa = PBXBuildFile; fileRef = EE44CF57234D81D00023BF88 /* ViewController.m */; };
		EE44CF5B234D81D00023BF88 /* Main.storyboard in Resources */ = {isa = PBXBuildFile; fileRef = EE44CF59234D81D00023BF88 /* Main.storyboard */; };
		EE44CF5D234D81D10023BF88 /* Assets.xcassets in Resources */ = {isa = PBXBuildFile; fileRef = EE44CF5C234D81D10023BF88 /* Assets.xcassets */; };
		EE44CF60234D81D10023BF88 /* LaunchScreen.storyboard in Resources */ = {isa = PBXBuildFile; fileRef = EE44CF5E234D81D10023BF88 /* LaunchScreen.storyboard */; };
		EE44CF63234D81D10023BF88 /* main.m in Sources */ = {isa = PBXBuildFile; fileRef = EE44CF62234D81D10023BF88 /* main.m */; };
		EE44CF70234D82910023BF88 /* index.css in Resources */ = {isa = PBXBuildFile; fileRef = EE44CF6A234D82910023BF88 /* index.css */; };
		EE44CF71234D82910023BF88 /* index.js in Resources */ = {isa = PBXBuildFile; fileRef = EE44CF6B234D82910023BF88 /* index.js */; };
		EE44CF72234D82910023BF88 /* index.html in Resources */ = {isa = PBXBuildFile; fileRef = EE44CF6C234D82910023BF88 /* index.html */; };
		EE44CF73234D82910023BF88 /* WKDelegateController.m in Sources */ = {isa = PBXBuildFile; fileRef = EE44CF6E234D82910023BF88 /* WKDelegateController.m */; };
		EE44CF74234D82910023BF88 /* WebVC.m in Sources */ = {isa = PBXBuildFile; fileRef = EE44CF6F234D82910023BF88 /* WebVC.m */; };
/* End PBXBuildFile section */

/* Begin PBXFileReference section */
		EE44CF50234D81D00023BF88 /* H5_OC_Hybrid.app */ = {isa = PBXFileReference; explicitFileType = wrapper.application; includeInIndex = 0; path = H5_OC_Hybrid.app; sourceTree = BUILT_PRODUCTS_DIR; };
		EE44CF53234D81D00023BF88 /* AppDelegate.h */ = {isa = PBXFileReference; lastKnownFileType = sourcecode.c.h; path = AppDelegate.h; sourceTree = "<group>"; };
		EE44CF54234D81D00023BF88 /* AppDelegate.m */ = {isa = PBXFileReference; lastKnownFileType = sourcecode.c.objc; path = AppDelegate.m; sourceTree = "<group>"; };
		EE44CF56234D81D00023BF88 /* ViewController.h */ = {isa = PBXFileReference; lastKnownFileType = sourcecode.c.h; path = ViewController.h; sourceTree = "<group>"; };
		EE44CF57234D81D00023BF88 /* ViewController.m */ = {isa = PBXFileReference; lastKnownFileType = sourcecode.c.objc; path = ViewController.m; sourceTree = "<group>"; };
		EE44CF5A234D81D00023BF88 /* Base */ = {isa = PBXFileReference; lastKnownFileType = file.storyboard; name = Base; path = Base.lproj/Main.storyboard; sourceTree = "<group>"; };
		EE44CF5C234D81D10023BF88 /* Assets.xcassets */ = {isa = PBXFileReference; lastKnownFileType = folder.assetcatalog; path = Assets.xcassets; sourceTree = "<group>"; };
		EE44CF5F234D81D10023BF88 /* Base */ = {isa = PBXFileReference; lastKnownFileType = file.storyboard; name = Base; path = Base.lproj/LaunchScreen.storyboard; sourceTree = "<group>"; };
		EE44CF61234D81D10023BF88 /* Info.plist */ = {isa = PBXFileReference; lastKnownFileType = text.plist.xml; path = Info.plist; sourceTree = "<group>"; };
		EE44CF62234D81D10023BF88 /* main.m */ = {isa = PBXFileReference; lastKnownFileType = sourcecode.c.objc; path = main.m; sourceTree = "<group>"; };
		EE44CF69234D82910023BF88 /* WebVC.h */ = {isa = PBXFileReference; fileEncoding = 4; lastKnownFileType = sourcecode.c.h; path = WebVC.h; sourceTree = "<group>"; };
		EE44CF6A234D82910023BF88 /* index.css */ = {isa = PBXFileReference; fileEncoding = 4; lastKnownFileType = text.css; path = index.css; sourceTree = "<group>"; };
		EE44CF6B234D82910023BF88 /* index.js */ = {isa = PBXFileReference; fileEncoding = 4; lastKnownFileType = sourcecode.javascript; path = index.js; sourceTree = "<group>"; };
		EE44CF6C234D82910023BF88 /* index.html */ = {isa = PBXFileReference; fileEncoding = 4; lastKnownFileType = text.html; path = index.html; sourceTree = "<group>"; };
		EE44CF6D234D82910023BF88 /* WKDelegateController.h */ = {isa = PBXFileReference; fileEncoding = 4; lastKnownFileType = sourcecode.c.h; path = WKDelegateController.h; sourceTree = "<group>"; };
		EE44CF6E234D82910023BF88 /* WKDelegateController.m */ = {isa = PBXFileReference; fileEncoding = 4; lastKnownFileType = sourcecode.c.objc; path = WKDelegateController.m; sourceTree = "<group>"; };
		EE44CF6F234D82910023BF88 /* WebVC.m */ = {isa = PBXFileReference; fileEncoding = 4; lastKnownFileType = sourcecode.c.objc; path = WebVC.m; sourceTree = "<group>"; };
/* End PBXFileReference section */

/* Begin PBXFrameworksBuildPhase section */
		EE44CF4D234D81D00023BF88 /* Frameworks */ = {
			isa = PBXFrameworksBuildPhase;
			buildActionMask = 2147483647;
			files = (
			);
			runOnlyForDeploymentPostprocessing = 0;
		};
/* End PBXFrameworksBuildPhase section */

/* Begin PBXGroup section */
		EE44CF47234D81D00023BF88 = {
			isa = PBXGroup;
			children = (
				EE44CF52234D81D00023BF88 /* H5_OC_Hybrid */,
				EE44CF51234D81D00023BF88 /* Products */,
			);
			sourceTree = "<group>";
		};
		EE44CF51234D81D00023BF88 /* Products */ = {
			isa = PBXGroup;
			children = (
				EE44CF50234D81D00023BF88 /* H5_OC_Hybrid.app */,
			);
			name = Products;
			sourceTree = "<group>";
		};
		EE44CF52234D81D00023BF88 /* H5_OC_Hybrid */ = {
			isa = PBXGroup;
			children = (
				EE44CF53234D81D00023BF88 /* AppDelegate.h */,
				EE44CF54234D81D00023BF88 /* AppDelegate.m */,
				EE44CF56234D81D00023BF88 /* ViewController.h */,
				EE44CF57234D81D00023BF88 /* ViewController.m */,
				EE44CF69234D82910023BF88 /* WebVC.h */,
				EE44CF6F234D82910023BF88 /* WebVC.m */,
				EE44CF6D234D82910023BF88 /* WKDelegateController.h */,
				EE44CF6E234D82910023BF88 /* WKDelegateController.m */,
				EE44CF6A234D82910023BF88 /* index.css */,
				EE44CF6C234D82910023BF88 /* index.html */,
				EE44CF6B234D82910023BF88 /* index.js */,
				EE44CF59234D81D00023BF88 /* Main.storyboard */,
				EE44CF5C234D81D10023BF88 /* Assets.xcassets */,
				EE44CF5E234D81D10023BF88 /* LaunchScreen.storyboard */,
				EE44CF61234D81D10023BF88 /* Info.plist */,
				EE44CF62234D81D10023BF88 /* main.m */,
			);
			path = H5_OC_Hybrid;
			sourceTree = "<group>";
		};
/* End PBXGroup section */

/* Begin PBXNativeTarget section */
		EE44CF4F234D81D00023BF88 /* H5_OC_Hybrid */ = {
			isa = PBXNativeTarget;
			buildConfigurationList = EE44CF66234D81D10023BF88 /* Build configuration list for PBXNativeTarget "H5_OC_Hybrid" */;
			buildPhases = (
				EE44CF4C234D81D00023BF88 /* Sources */,
				EE44CF4D234D81D00023BF88 /* Frameworks */,
				EE44CF4E234D81D00023BF88 /* Resources */,
			);
			buildRules = (
			);
			dependencies = (
			);
			name = H5_OC_Hybrid;
			productName = H5_OC_Hybrid;
			productReference = EE44CF50234D81D00023BF88 /* H5_OC_Hybrid.app */;
			productType = "com.apple.product-type.application";
		};
/* End PBXNativeTarget section */

/* Begin PBXProject section */
		EE44CF48234D81D00023BF88 /* Project object */ = {
			isa = PBXProject;
			attributes = {
				LastUpgradeCheck = 1020;
				ORGANIZATIONNAME = oldSix;
				TargetAttributes = {
					EE44CF4F234D81D00023BF88 = {
						CreatedOnToolsVersion = 10.2;
					};
				};
			};
			buildConfigurationList = EE44CF4B234D81D00023BF88 /* Build configuration list for PBXProject "H5_OC_Hybrid" */;
			compatibilityVersion = "Xcode 9.3";
			developmentRegion = en;
			hasScannedForEncodings = 0;
			knownRegions = (
				en,
				Base,
			);
			mainGroup = EE44CF47234D81D00023BF88;
			productRefGroup = EE44CF51234D81D00023BF88 /* Products */;
			projectDirPath = "";
			projectRoot = "";
			targets = (
				EE44CF4F234D81D00023BF88 /* H5_OC_Hybrid */,
			);
		};
/* End PBXProject section */

/* Begin PBXResourcesBuildPhase section */
		EE44CF4E234D81D00023BF88 /* Resources */ = {
			isa = PBXResourcesBuildPhase;
			buildActionMask = 2147483647;
			files = (
				EE44CF71234D82910023BF88 /* index.js in Resources */,
				EE44CF70234D82910023BF88 /* index.css in Resources */,
				EE44CF60234D81D10023BF88 /* LaunchScreen.storyboard in Resources */,
				EE44CF72234D82910023BF88 /* index.html in Resources */,
				EE44CF5D234D81D10023BF88 /* Assets.xcassets in Resources */,
				EE44CF5B234D81D00023BF88 /* Main.storyboard in Resources */,
			);
			runOnlyForDeploymentPostprocessing = 0;
		};
/* End PBXResourcesBuildPhase section */

/* Begin PBXSourcesBuildPhase section */
		EE44CF4C234D81D00023BF88 /* Sources */ = {
			isa = PBXSourcesBuildPhase;
			buildActionMask = 2147483647;
			files = (
				EE44CF74234D82910023BF88 /* WebVC.m in Sources */,
				EE44CF58234D81D00023BF88 /* ViewController.m in Sources */,
				EE44CF63234D81D10023BF88 /* main.m in Sources */,
				EE44CF73234D82910023BF88 /* WKDelegateController.m in Sources */,
				EE44CF55234D81D00023BF88 /* AppDelegate.m in Sources */,
			);
			runOnlyForDeploymentPostprocessing = 0;
		};
/* End PBXSourcesBuildPhase section */

/* Begin PBXVariantGroup section */
		EE44CF59234D81D00023BF88 /* Main.storyboard */ = {
			isa = PBXVariantGroup;
			children = (
				EE44CF5A234D81D00023BF88 /* Base */,
			);
			name = Main.storyboard;
			sourceTree = "<group>";
		};
		EE44CF5E234D81D10023BF88 /* LaunchScreen.storyboard */ = {
			isa = PBXVariantGroup;
			children = (
				EE44CF5F234D81D10023BF88 /* Base */,
			);
			name = LaunchScreen.storyboard;
			sourceTree = "<group>";
		};
/* End PBXVariantGroup section */

/* Begin XCBuildConfiguration section */
		EE44CF64234D81D10023BF88 /* Debug */ = {
			isa = XCBuildConfiguration;
			buildSettings = {
				ALWAYS_SEARCH_USER_PATHS = NO;
				CLANG_ANALYZER_NONNULL = YES;
				CLANG_ANALYZER_NUMBER_OBJECT_CONVERSION = YES_AGGRESSIVE;
				CLANG_CXX_LANGUAGE_STANDARD = "gnu++14";
				CLANG_CXX_LIBRARY = "libc++";
				CLANG_ENABLE_MODULES = YES;
				CLANG_ENABLE_OBJC_ARC = YES;
				CLANG_ENABLE_OBJC_WEAK = YES;
				CLANG_WARN_BLOCK_CAPTURE_AUTORELEASING = YES;
				CLANG_WARN_BOOL_CONVERSION = YES;
				CLANG_WARN_COMMA = YES;
				CLANG_WARN_CONSTANT_CONVERSION = YES;
				CLANG_WARN_DEPRECATED_OBJC_IMPLEMENTATIONS = YES;
				CLANG_WARN_DIRECT_OBJC_ISA_USAGE = YES_ERROR;
				CLANG_WARN_DOCUMENTATION_COMMENTS = YES;
				CLANG_WARN_EMPTY_BODY = YES;
				CLANG_WARN_ENUM_CONVERSION = YES;
				CLANG_WARN_INFINITE_RECURSION = YES;
				CLANG_WARN_INT_CONVERSION = YES;
				CLANG_WARN_NON_LITERAL_NULL_CONVERSION = YES;
				CLANG_WARN_OBJC_IMPLICIT_RETAIN_SELF = YES;
				CLANG_WARN_OBJC_LITERAL_CONVERSION = YES;
				CLANG_WARN_OBJC_ROOT_CLASS = YES_ERROR;
				CLANG_WARN_RANGE_LOOP_ANALYSIS = YES;
				CLANG_WARN_STRICT_PROTOTYPES = YES;
				CLANG_WARN_SUSPICIOUS_MOVE = YES;
				CLANG_WARN_UNGUARDED_AVAILABILITY = YES_AGGRESSIVE;
				CLANG_WARN_UNREACHABLE_CODE = YES;
				CLANG_WARN__DUPLICATE_METHOD_MATCH = YES;
				CODE_SIGN_IDENTITY = "iPhone Developer";
				COPY_PHASE_STRIP = NO;
				DEBUG_INFORMATION_FORMAT = dwarf;
				ENABLE_STRICT_OBJC_MSGSEND = YES;
				ENABLE_TESTABILITY = YES;
				GCC_C_LANGUAGE_STANDARD = gnu11;
				GCC_DYNAMIC_NO_PIC = NO;
				GCC_NO_COMMON_BLOCKS = YES;
				GCC_OPTIMIZATION_LEVEL = 0;
				GCC_PREPROCESSOR_DEFINITIONS = (
					"DEBUG=1",
					"$(inherited)",
				);
				GCC_WARN_64_TO_32_BIT_CONVERSION = YES;
				GCC_WARN_ABOUT_RETURN_TYPE = YES_ERROR;
				GCC_WARN_UNDECLARED_SELECTOR = YES;
				GCC_WARN_UNINITIALIZED_AUTOS = YES_AGGRESSIVE;
				GCC_WARN_UNUSED_FUNCTION = YES;
				GCC_WARN_UNUSED_VARIABLE = YES;
				IPHONEOS_DEPLOYMENT_TARGET = 12.2;
				MTL_ENABLE_DEBUG_INFO = INCLUDE_SOURCE;
				MTL_FAST_MATH = YES;
				ONLY_ACTIVE_ARCH = YES;
				SDKROOT = iphoneos;
			};
			name = Debug;
		};
		EE44CF65234D81D10023BF88 /* Release */ = {
			isa = XCBuildConfiguration;
			buildSettings = {
				ALWAYS_SEARCH_USER_PATHS = NO;
				CLANG_ANALYZER_NONNULL = YES;
				CLANG_ANALYZER_NUMBER_OBJECT_CONVERSION = YES_AGGRESSIVE;
				CLANG_CXX_LANGUAGE_STANDARD = "gnu++14";
				CLANG_CXX_LIBRARY = "libc++";
				CLANG_ENABLE_MODULES = YES;
				CLANG_ENABLE_OBJC_ARC = YES;
				CLANG_ENABLE_OBJC_WEAK = YES;
				CLANG_WARN_BLOCK_CAPTURE_AUTORELEASING = YES;
				CLANG_WARN_BOOL_CONVERSION = YES;
				CLANG_WARN_COMMA = YES;
				CLANG_WARN_CONSTANT_CONVERSION = YES;
				CLANG_WARN_DEPRECATED_OBJC_IMPLEMENTATIONS = YES;
				CLANG_WARN_DIRECT_OBJC_ISA_USAGE = YES_ERROR;
				CLANG_WARN_DOCUMENTATION_COMMENTS = YES;
				CLANG_WARN_EMPTY_BODY = YES;
				CLANG_WARN_ENUM_CONVERSION = YES;
				CLANG_WARN_INFINITE_RECURSION = YES;
				CLANG_WARN_INT_CONVERSION = YES;
				CLANG_WARN_NON_LITERAL_NULL_CONVERSION = YES;
				CLANG_WARN_OBJC_IMPLICIT_RETAIN_SELF = YES;
				CLANG_WARN_OBJC_LITERAL_CONVERSION = YES;
				CLANG_WARN_OBJC_ROOT_CLASS = YES_ERROR;
				CLANG_WARN_RANGE_LOOP_ANALYSIS = YES;
				CLANG_WARN_STRICT_PROTOTYPES = YES;
				CLANG_WARN_SUSPICIOUS_MOVE = YES;
				CLANG_WARN_UNGUARDED_AVAILABILITY = YES_AGGRESSIVE;
				CLANG_WARN_UNREACHABLE_CODE = YES;
				CLANG_WARN__DUPLICATE_METHOD_MATCH = YES;
				CODE_SIGN_IDENTITY = "iPhone Developer";
				COPY_PHASE_STRIP = NO;
				DEBUG_INFORMATION_FORMAT = "dwarf-with-dsym";
				ENABLE_NS_ASSERTIONS = NO;
				ENABLE_STRICT_OBJC_MSGSEND = YES;
				GCC_C_LANGUAGE_STANDARD = gnu11;
				GCC_NO_COMMON_BLOCKS = YES;
				GCC_WARN_64_TO_32_BIT_CONVERSION = YES;
				GCC_WARN_ABOUT_RETURN_TYPE = YES_ERROR;
				GCC_WARN_UNDECLARED_SELECTOR = YES;
				GCC_WARN_UNINITIALIZED_AUTOS = YES_AGGRESSIVE;
				GCC_WARN_UNUSED_FUNCTION = YES;
				GCC_WARN_UNUSED_VARIABLE = YES;
				IPHONEOS_DEPLOYMENT_TARGET = 12.2;
				MTL_ENABLE_DEBUG_INFO = NO;
				MTL_FAST_MATH = YES;
				SDKROOT = iphoneos;
				VALIDATE_PRODUCT = YES;
			};
			name = Release;
		};
		EE44CF67234D81D10023BF88 /* Debug */ = {
			isa = XCBuildConfiguration;
			buildSettings = {
				ASSETCATALOG_COMPILER_APPICON_NAME = AppIcon;
				CODE_SIGN_STYLE = Automatic;
				INFOPLIST_FILE = H5_OC_Hybrid/Info.plist;
				LD_RUNPATH_SEARCH_PATHS = (
					"$(inherited)",
					"@executable_path/Frameworks",
				);
				PRODUCT_BUNDLE_IDENTIFIER = "com.oldSix.H5-OC-Hybrid";
				PRODUCT_NAME = "$(TARGET_NAME)";
				TARGETED_DEVICE_FAMILY = "1,2";
			};
			name = Debug;
		};
		EE44CF68234D81D10023BF88 /* Release */ = {
			isa = XCBuildConfiguration;
			buildSettings = {
				ASSETCATALOG_COMPILER_APPICON_NAME = AppIcon;
				CODE_SIGN_STYLE = Automatic;
				INFOPLIST_FILE = H5_OC_Hybrid/Info.plist;
				LD_RUNPATH_SEARCH_PATHS = (
					"$(inherited)",
					"@executable_path/Frameworks",
				);
				PRODUCT_BUNDLE_IDENTIFIER = "com.oldSix.H5-OC-Hybrid";
				PRODUCT_NAME = "$(TARGET_NAME)";
				TARGETED_DEVICE_FAMILY = "1,2";
			};
			name = Release;
		};
/* End XCBuildConfiguration section */

/* Begin XCConfigurationList section */
		EE44CF4B234D81D00023BF88 /* Build configuration list for PBXProject "H5_OC_Hybrid" */ = {
			isa = XCConfigurationList;
			buildConfigurations = (
				EE44CF64234D81D10023BF88 /* Debug */,
				EE44CF65234D81D10023BF88 /* Release */,
			);
			defaultConfigurationIsVisible = 0;
			defaultConfigurationName = Release;
		};
		EE44CF66234D81D10023BF88 /* Build configuration list for PBXNativeTarget "H5_OC_Hybrid" */ = {
			isa = XCConfigurationList;
			buildConfigurations = (
				EE44CF67234D81D10023BF88 /* Debug */,
				EE44CF68234D81D10023BF88 /* Release */,
			);
			defaultConfigurationIsVisible = 0;
			defaultConfigurationName = Release;
		};
/* End XCConfigurationList section */
	};
	rootObject = EE44CF48234D81D00023BF88 /* Project object */;
}
